
Microsoft Visual Studio Solution File, Format Version 12.00
# Visual Studio 15
VisualStudioVersion = 15.0.27130.2036
MinimumVisualStudioVersion = 10.0.40219.1
Project("{FAE04EC0-301F-11D3-BF4B-00C04F79EFBC}") = "TeknikServisOtomasyonu", "TeknikServisOtomasyonu\TeknikServisOtomasyonu.csproj", "{BAAA5717-8D4D-4513-BC2B-7730556943E5}"
EndProject
Global
	GlobalSection(SolutionConfigurationPlatforms) = preSolution
		Debug|Any CPU = Debug|Any CPU
		Release|Any CPU = Release|Any CPU
	EndGlobalSection
	GlobalSection(ProjectConfigurationPlatforms) = postSolution
		{BAAA5717-8D4D-4513-BC2B-7730556943E5}.Debug|Any CPU.ActiveCfg = Debug|Any CPU
		{BAAA5717-8D4D-4513-BC2B-7730556943E5}.Debug|Any CPU.Build.0 = Debug|Any CPU
		{BAAA5717-8D4D-4513-BC2B-7730556943E5}.Release|Any CPU.ActiveCfg = Release|Any CPU
		{BAAA5717-8D4D-4513-BC2B-7730556943E5}.Release|Any CPU.Build.0 = Release|Any CPU
	EndGlobalSection
	GlobalSection(SolutionProperties) = preSolution
		HideSolutionNode = FALSE
	EndGlobalSection
	GlobalSection(ExtensibilityGlobals) = postSolution
		SolutionGuid = {CCEA306C-CE4E-43E4-AE96-728EE50039E8}
	EndGlobalSection
EndGlobal
